
Microsoft Visual Studio Solution File, Format Version 12.00
# Visual Studio Version 16
VisualStudioVersion = 16.0.30114.105
MinimumVisualStudioVersion = 10.0.40219.1
Project("{FAE04EC0-301F-11D3-BF4B-00C04F79EFBC}") = "DotNetMicroserviceTemplates", "DotNetMicroserviceTemplates.csproj", "{27D63596-71A6-4160-A7F4-CA033C2C983B}"
EndProject
Project("{FAE04EC0-301F-11D3-BF4B-00C04F79EFBC}") = "Microservice.Api", "Templates\Microservice\Microservice.Api\Microservice.Api.csproj", "{577BBEB9-E59F-4933-A463-DBAA8E28A26A}"
EndProject
Project("{FAE04EC0-301F-11D3-BF4B-00C04F79EFBC}") = "Microservice.Presentation", "Templates\Microservice\Microservice.Presentation\Microservice.Presentation.csproj", "{E7927FC9-B7EE-4C68-83D6-43D286FA7EAC}"
EndProject
Project("{FAE04EC0-301F-11D3-BF4B-00C04F79EFBC}") = "Microservice.Application", "Templates\Microservice\Microservice.Application\Microservice.Application.csproj", "{F2478277-1271-471F-ACCE-E69DA202E96F}"
EndProject
Project("{FAE04EC0-301F-11D3-BF4B-00C04F79EFBC}") = "Microservice.Domain", "Templates\Microservice\Microservice.Domain\Microservice.Domain.csproj", "{282A797A-60B4-48B3-A255-3DA82F045D02}"
EndProject
Project("{FAE04EC0-301F-11D3-BF4B-00C04F79EFBC}") = "Microservice.Persistence", "Templates\Microservice\Microservice.Persistence\Microservice.Persistence.csproj", "{0114DB63-A8B0-438C-BE13-A510FE496677}"
EndProject
Project("{FAE04EC0-301F-11D3-BF4B-00C04F79EFBC}") = "Microservice.Infrastructure", "Templates\Microservice\Microservice.Infrastructure\Microservice.Infrastructure.csproj", "{3DBDCC55-60FD-4367-BA84-E154191A69B5}"
EndProject
Global
	GlobalSection(SolutionConfigurationPlatforms) = preSolution
		Debug|Any CPU = Debug|Any CPU
		Release|Any CPU = Release|Any CPU
	EndGlobalSection
	GlobalSection(SolutionProperties) = preSolution
		HideSolutionNode = FALSE
	EndGlobalSection
	GlobalSection(ProjectConfigurationPlatforms) = postSolution
		{27D63596-71A6-4160-A7F4-CA033C2C983B}.Debug|Any CPU.ActiveCfg = Debug|Any CPU
		{27D63596-71A6-4160-A7F4-CA033C2C983B}.Debug|Any CPU.Build.0 = Debug|Any CPU
		{27D63596-71A6-4160-A7F4-CA033C2C983B}.Release|Any CPU.ActiveCfg = Release|Any CPU
		{27D63596-71A6-4160-A7F4-CA033C2C983B}.Release|Any CPU.Build.0 = Release|Any CPU
		{577BBEB9-E59F-4933-A463-DBAA8E28A26A}.Debug|Any CPU.ActiveCfg = Debug|Any CPU
		{577BBEB9-E59F-4933-A463-DBAA8E28A26A}.Debug|Any CPU.Build.0 = Debug|Any CPU
		{577BBEB9-E59F-4933-A463-DBAA8E28A26A}.Release|Any CPU.ActiveCfg = Release|Any CPU
		{577BBEB9-E59F-4933-A463-DBAA8E28A26A}.Release|Any CPU.Build.0 = Release|Any CPU
		{E7927FC9-B7EE-4C68-83D6-43D286FA7EAC}.Debug|Any CPU.ActiveCfg = Debug|Any CPU
		{E7927FC9-B7EE-4C68-83D6-43D286FA7EAC}.Debug|Any CPU.Build.0 = Debug|Any CPU
		{E7927FC9-B7EE-4C68-83D6-43D286FA7EAC}.Release|Any CPU.ActiveCfg = Release|Any CPU
		{E7927FC9-B7EE-4C68-83D6-43D286FA7EAC}.Release|Any CPU.Build.0 = Release|Any CPU
		{F2478277-1271-471F-ACCE-E69DA202E96F}.Debug|Any CPU.ActiveCfg = Debug|Any CPU
		{F2478277-1271-471F-ACCE-E69DA202E96F}.Debug|Any CPU.Build.0 = Debug|Any CPU
		{F2478277-1271-471F-ACCE-E69DA202E96F}.Release|Any CPU.ActiveCfg = Release|Any CPU
		{F2478277-1271-471F-ACCE-E69DA202E96F}.Release|Any CPU.Build.0 = Release|Any CPU
		{282A797A-60B4-48B3-A255-3DA82F045D02}.Debug|Any CPU.ActiveCfg = Debug|Any CPU
		{282A797A-60B4-48B3-A255-3DA82F045D02}.Debug|Any CPU.Build.0 = Debug|Any CPU
		{282A797A-60B4-48B3-A255-3DA82F045D02}.Release|Any CPU.ActiveCfg = Release|Any CPU
		{282A797A-60B4-48B3-A255-3DA82F045D02}.Release|Any CPU.Build.0 = Release|Any CPU
		{0114DB63-A8B0-438C-BE13-A510FE496677}.Debug|Any CPU.ActiveCfg = Debug|Any CPU
		{0114DB63-A8B0-438C-BE13-A510FE496677}.Debug|Any CPU.Build.0 = Debug|Any CPU
		{0114DB63-A8B0-438C-BE13-A510FE496677}.Release|Any CPU.ActiveCfg = Release|Any CPU
		{0114DB63-A8B0-438C-BE13-A510FE496677}.Release|Any CPU.Build.0 = Release|Any CPU
		{3DBDCC55-60FD-4367-BA84-E154191A69B5}.Debug|Any CPU.ActiveCfg = Debug|Any CPU
		{3DBDCC55-60FD-4367-BA84-E154191A69B5}.Debug|Any CPU.Build.0 = Debug|Any CPU
		{3DBDCC55-60FD-4367-BA84-E154191A69B5}.Release|Any CPU.ActiveCfg = Release|Any CPU
		{3DBDCC55-60FD-4367-BA84-E154191A69B5}.Release|Any CPU.Build.0 = Release|Any CPU
		{C6713D54-382A-44DE-9288-8E73002B5992}.Debug|Any CPU.ActiveCfg = Debug|Any CPU
		{C6713D54-382A-44DE-9288-8E73002B5992}.Debug|Any CPU.Build.0 = Debug|Any CPU
		{C6713D54-382A-44DE-9288-8E73002B5992}.Release|Any CPU.ActiveCfg = Release|Any CPU
		{C6713D54-382A-44DE-9288-8E73002B5992}.Release|Any CPU.Build.0 = Release|Any CPU
	EndGlobalSection
EndGlobal
